// !$*UTF8*$!
{
	archiveVersion = 1;
	classes = {
	};
	objectVersion = 56;
	objects = {

/* Begin PBXBuildFile section */
		B10001001 /* GitCanaryApp.swift in Sources */ = {isa = PBXBuildFile; fileRef = B10002001 /* GitCanaryApp.swift */; };
		B10001003 /* Assets.xcassets in Resources */ = {isa = PBXBuildFile; fileRef = B10002003 /* Assets.xcassets */; };
		B10001060 /* MenuBarView.swift in Sources */ = {isa = PBXBuildFile; fileRef = B10002060 /* MenuBarView.swift */; };
		B10001061 /* RepositoryRow.swift in Sources */ = {isa = PBXBuildFile; fileRef = B10002061 /* RepositoryRow.swift */; };
		B10001062 /* SummaryView.swift in Sources */ = {isa = PBXBuildFile; fileRef = B10002062 /* SummaryView.swift */; };
		B10001063 /* SettingsView.swift in Sources */ = {isa = PBXBuildFile; fileRef = B10002063 /* SettingsView.swift */; };
		B10001064 /* RepositorySettingsView.swift in Sources */ = {isa = PBXBuildFile; fileRef = B10002064 /* RepositorySettingsView.swift */; };
		B10001065 /* LLMSettingsView.swift in Sources */ = {isa = PBXBuildFile; fileRef = B10002065 /* LLMSettingsView.swift */; };
		B10001066 /* ScheduleSettingsView.swift in Sources */ = {isa = PBXBuildFile; fileRef = B10002066 /* ScheduleSettingsView.swift */; };
		B10001067 /* GeneralSettingsView.swift in Sources */ = {isa = PBXBuildFile; fileRef = B10002067 /* GeneralSettingsView.swift */; };
		B10001010 /* AppState.swift in Sources */ = {isa = PBXBuildFile; fileRef = B10002010 /* AppState.swift */; };
		B10001011 /* AppSettings.swift in Sources */ = {isa = PBXBuildFile; fileRef = B10002011 /* AppSettings.swift */; };
		B10001020 /* LLMProviderType.swift in Sources */ = {isa = PBXBuildFile; fileRef = B10002020 /* LLMProviderType.swift */; };
		B10001021 /* CommitInfo.swift in Sources */ = {isa = PBXBuildFile; fileRef = B10002021 /* CommitInfo.swift */; };
		B10001022 /* Repository.swift in Sources */ = {isa = PBXBuildFile; fileRef = B10002022 /* Repository.swift */; };
		B10001023 /* DiffSummary.swift in Sources */ = {isa = PBXBuildFile; fileRef = B10002023 /* DiffSummary.swift */; };
		B10001024 /* CheckSchedule.swift in Sources */ = {isa = PBXBuildFile; fileRef = B10002024 /* CheckSchedule.swift */; };
		B10001030 /* GitCLI.swift in Sources */ = {isa = PBXBuildFile; fileRef = B10002030 /* GitCLI.swift */; };
		B10001031 /* GitLogParser.swift in Sources */ = {isa = PBXBuildFile; fileRef = B10002031 /* GitLogParser.swift */; };
		B10001032 /* RemotePoller.swift in Sources */ = {isa = PBXBuildFile; fileRef = B10002032 /* RemotePoller.swift */; };
		B10001033 /* FSEventsWatcher.swift in Sources */ = {isa = PBXBuildFile; fileRef = B10002033 /* FSEventsWatcher.swift */; };
		B10001040 /* LLMService.swift in Sources */ = {isa = PBXBuildFile; fileRef = B10002040 /* LLMService.swift */; };
		B10001041 /* PromptBuilder.swift in Sources */ = {isa = PBXBuildFile; fileRef = B10002041 /* PromptBuilder.swift */; };
		B10001042 /* OllamaService.swift in Sources */ = {isa = PBXBuildFile; fileRef = B10002042 /* OllamaService.swift */; };
		B10001050 /* KeychainManager.swift in Sources */ = {isa = PBXBuildFile; fileRef = B10002050 /* KeychainManager.swift */; };
		B10001051 /* BookmarkManager.swift in Sources */ = {isa = PBXBuildFile; fileRef = B10002051 /* BookmarkManager.swift */; };
/* End PBXBuildFile section */

/* Begin PBXFileReference section */
		B10002001 /* GitCanaryApp.swift */ = {isa = PBXFileReference; lastKnownFileType = sourcecode.swift; path = GitCanaryApp.swift; sourceTree = "<group>"; };
		B10002003 /* Assets.xcassets */ = {isa = PBXFileReference; lastKnownFileType = folder.assetcatalog; path = Assets.xcassets; sourceTree = "<group>"; };
		B10002060 /* MenuBarView.swift */ = {isa = PBXFileReference; lastKnownFileType = sourcecode.swift; path = MenuBarView.swift; sourceTree = "<group>"; };
		B10002061 /* RepositoryRow.swift */ = {isa = PBXFileReference; lastKnownFileType = sourcecode.swift; path = RepositoryRow.swift; sourceTree = "<group>"; };
		B10002062 /* SummaryView.swift */ = {isa = PBXFileReference; lastKnownFileType = sourcecode.swift; path = SummaryView.swift; sourceTree = "<group>"; };
		B10002063 /* SettingsView.swift */ = {isa = PBXFileReference; lastKnownFileType = sourcecode.swift; path = SettingsView.swift; sourceTree = "<group>"; };
		B10002064 /* RepositorySettingsView.swift */ = {isa = PBXFileReference; lastKnownFileType = sourcecode.swift; path = RepositorySettingsView.swift; sourceTree = "<group>"; };
		B10002065 /* LLMSettingsView.swift */ = {isa = PBXFileReference; lastKnownFileType = sourcecode.swift; path = LLMSettingsView.swift; sourceTree = "<group>"; };
		B10002066 /* ScheduleSettingsView.swift */ = {isa = PBXFileReference; lastKnownFileType = sourcecode.swift; path = ScheduleSettingsView.swift; sourceTree = "<group>"; };
		B10002067 /* GeneralSettingsView.swift */ = {isa = PBXFileReference; lastKnownFileType = sourcecode.swift; path = GeneralSettingsView.swift; sourceTree = "<group>"; };
		B10002004 /* GitCanary.entitlements */ = {isa = PBXFileReference; lastKnownFileType = text.plist.entitlements; path = GitCanary.entitlements; sourceTree = "<group>"; };
		B10002010 /* AppState.swift */ = {isa = PBXFileReference; lastKnownFileType = sourcecode.swift; path = AppState.swift; sourceTree = "<group>"; };
		B10002011 /* AppSettings.swift */ = {isa = PBXFileReference; lastKnownFileType = sourcecode.swift; path = AppSettings.swift; sourceTree = "<group>"; };
		B10002020 /* LLMProviderType.swift */ = {isa = PBXFileReference; lastKnownFileType = sourcecode.swift; path = LLMProviderType.swift; sourceTree = "<group>"; };
		B10002021 /* CommitInfo.swift */ = {isa = PBXFileReference; lastKnownFileType = sourcecode.swift; path = CommitInfo.swift; sourceTree = "<group>"; };
		B10002022 /* Repository.swift */ = {isa = PBXFileReference; lastKnownFileType = sourcecode.swift; path = Repository.swift; sourceTree = "<group>"; };
		B10002023 /* DiffSummary.swift */ = {isa = PBXFileReference; lastKnownFileType = sourcecode.swift; path = DiffSummary.swift; sourceTree = "<group>"; };
		B10002024 /* CheckSchedule.swift */ = {isa = PBXFileReference; lastKnownFileType = sourcecode.swift; path = CheckSchedule.swift; sourceTree = "<group>"; };
		B10002030 /* GitCLI.swift */ = {isa = PBXFileReference; lastKnownFileType = sourcecode.swift; path = GitCLI.swift; sourceTree = "<group>"; };
		B10002031 /* GitLogParser.swift */ = {isa = PBXFileReference; lastKnownFileType = sourcecode.swift; path = GitLogParser.swift; sourceTree = "<group>"; };
		B10002032 /* RemotePoller.swift */ = {isa = PBXFileReference; lastKnownFileType = sourcecode.swift; path = RemotePoller.swift; sourceTree = "<group>"; };
		B10002033 /* FSEventsWatcher.swift */ = {isa = PBXFileReference; lastKnownFileType = sourcecode.swift; path = FSEventsWatcher.swift; sourceTree = "<group>"; };
		B10002040 /* LLMService.swift */ = {isa = PBXFileReference; lastKnownFileType = sourcecode.swift; path = LLMService.swift; sourceTree = "<group>"; };
		B10002041 /* PromptBuilder.swift */ = {isa = PBXFileReference; lastKnownFileType = sourcecode.swift; path = PromptBuilder.swift; sourceTree = "<group>"; };
		B10002042 /* OllamaService.swift */ = {isa = PBXFileReference; lastKnownFileType = sourcecode.swift; path = OllamaService.swift; sourceTree = "<group>"; };
		B10002050 /* KeychainManager.swift */ = {isa = PBXFileReference; lastKnownFileType = sourcecode.swift; path = KeychainManager.swift; sourceTree = "<group>"; };
		B10002051 /* BookmarkManager.swift */ = {isa = PBXFileReference; lastKnownFileType = sourcecode.swift; path = BookmarkManager.swift; sourceTree = "<group>"; };
		B10003000 /* GitCanary.app */ = {isa = PBXFileReference; explicitFileType = wrapper.application; includeInIndex = 0; path = GitCanary.app; sourceTree = BUILT_PRODUCTS_DIR; };
/* End PBXFileReference section */

/* Begin PBXFrameworksBuildPhase section */
		B10004001 /* Frameworks */ = {
			isa = PBXFrameworksBuildPhase;
			buildActionMask = 2147483647;
			files = (
			);
			runOnlyForDeploymentPostprocessing = 0;
		};
/* End PBXFrameworksBuildPhase section */

/* Begin PBXGroup section */
		B10005000 = {
			isa = PBXGroup;
			children = (
				B10005001 /* GitCanary */,
				B10005010 /* Products */,
			);
			sourceTree = "<group>";
		};
		B10005001 /* GitCanary */ = {
			isa = PBXGroup;
			children = (
				B10005002 /* App */,
				B10005004 /* Models */,
				B10005005 /* Git */,
				B10005006 /* LLM */,
				B10005008 /* Views */,
				B10005007 /* Services */,
				B10005003 /* Resources */,
			);
			name = GitCanary;
			sourceTree = "<group>";
		};
		B10005002 /* App */ = {
			isa = PBXGroup;
			children = (
				B10002001 /* GitCanaryApp.swift */,
				B10002010 /* AppState.swift */,
				B10002011 /* AppSettings.swift */,
			);
			path = App;
			sourceTree = "<group>";
		};
		B10005003 /* Resources */ = {
			isa = PBXGroup;
			children = (
				B10002003 /* Assets.xcassets */,
				B10002004 /* GitCanary.entitlements */,
			);
			path = Resources;
			sourceTree = "<group>";
		};
		B10005004 /* Models */ = {
			isa = PBXGroup;
			children = (
				B10002020 /* LLMProviderType.swift */,
				B10002021 /* CommitInfo.swift */,
				B10002022 /* Repository.swift */,
				B10002023 /* DiffSummary.swift */,
				B10002024 /* CheckSchedule.swift */,
			);
			path = Models;
			sourceTree = "<group>";
		};
		B10005005 /* Git */ = {
			isa = PBXGroup;
			children = (
				B10002030 /* GitCLI.swift */,
				B10002031 /* GitLogParser.swift */,
				B10002032 /* RemotePoller.swift */,
				B10002033 /* FSEventsWatcher.swift */,
			);
			path = Git;
			sourceTree = "<group>";
		};
		B10005006 /* LLM */ = {
			isa = PBXGroup;
			children = (
				B10002040 /* LLMService.swift */,
				B10002041 /* PromptBuilder.swift */,
				B10002042 /* OllamaService.swift */,
			);
			path = LLM;
			sourceTree = "<group>";
		};
		B10005007 /* Services */ = {
			isa = PBXGroup;
			children = (
				B10002050 /* KeychainManager.swift */,
				B10002051 /* BookmarkManager.swift */,
			);
			path = Services;
			sourceTree = "<group>";
		};
		B10005008 /* Views */ = {
			isa = PBXGroup;
			children = (
				B10002060 /* MenuBarView.swift */,
				B10002061 /* RepositoryRow.swift */,
				B10002062 /* SummaryView.swift */,
				B10002063 /* SettingsView.swift */,
				B10002064 /* RepositorySettingsView.swift */,
				B10002065 /* LLMSettingsView.swift */,
				B10002066 /* ScheduleSettingsView.swift */,
				B10002067 /* GeneralSettingsView.swift */,
			);
			path = Views;
			sourceTree = "<group>";
		};
		B10005010 /* Products */ = {
			isa = PBXGroup;
			children = (
				B10003000 /* GitCanary.app */,
			);
			name = Products;
			sourceTree = "<group>";
		};
/* End PBXGroup section */

/* Begin PBXNativeTarget section */
		B10006001 /* GitCanary */ = {
			isa = PBXNativeTarget;
			buildConfigurationList = B10008001 /* Build configuration list for PBXNativeTarget "GitCanary" */;
			buildPhases = (
				B10007001 /* Sources */,
				B10004001 /* Frameworks */,
				B10007002 /* Resources */,
			);
			buildRules = (
			);
			dependencies = (
			);
			name = GitCanary;
			productName = GitCanary;
			productReference = B10003000 /* GitCanary.app */;
			productType = "com.apple.product-type.application";
		};
/* End PBXNativeTarget section */

/* Begin PBXProject section */
		B10009001 /* Project object */ = {
			isa = PBXProject;
			attributes = {
				BuildIndependentTargetsInParallel = 1;
				LastSwiftUpdateCheck = 1500;
				LastUpgradeCheck = 1500;
				TargetAttributes = {
					B10006001 = {
						CreatedOnToolsVersion = 15.0;
					};
				};
			};
			buildConfigurationList = B10008003 /* Build configuration list for PBXProject "GitCanary" */;
			compatibilityVersion = "Xcode 14.0";
			developmentRegion = en;
			hasScannedForEncodings = 0;
			knownRegions = (
				en,
				Base,
			);
			mainGroup = B10005000;
			productRefGroup = B10005010 /* Products */;
			projectDirPath = "";
			projectRoot = "";
			targets = (
				B10006001 /* GitCanary */,
			);
		};
/* End PBXProject section */

/* Begin PBXResourcesBuildPhase section */
		B10007002 /* Resources */ = {
			isa = PBXResourcesBuildPhase;
			buildActionMask = 2147483647;
			files = (
				B10001003 /* Assets.xcassets in Resources */,
			);
			runOnlyForDeploymentPostprocessing = 0;
		};
/* End PBXResourcesBuildPhase section */

/* Begin PBXSourcesBuildPhase section */
		B10007001 /* Sources */ = {
			isa = PBXSourcesBuildPhase;
			buildActionMask = 2147483647;
			files = (
				B10001001 /* GitCanaryApp.swift in Sources */,
				B10001010 /* AppState.swift in Sources */,
				B10001011 /* AppSettings.swift in Sources */,
				B10001020 /* LLMProviderType.swift in Sources */,
				B10001021 /* CommitInfo.swift in Sources */,
				B10001022 /* Repository.swift in Sources */,
				B10001023 /* DiffSummary.swift in Sources */,
				B10001024 /* CheckSchedule.swift in Sources */,
				B10001030 /* GitCLI.swift in Sources */,
				B10001031 /* GitLogParser.swift in Sources */,
				B10001032 /* RemotePoller.swift in Sources */,
				B10001033 /* FSEventsWatcher.swift in Sources */,
				B10001040 /* LLMService.swift in Sources */,
				B10001041 /* PromptBuilder.swift in Sources */,
				B10001042 /* OllamaService.swift in Sources */,
				B10001050 /* KeychainManager.swift in Sources */,
				B10001051 /* BookmarkManager.swift in Sources */,
				B10001060 /* MenuBarView.swift in Sources */,
				B10001061 /* RepositoryRow.swift in Sources */,
				B10001062 /* SummaryView.swift in Sources */,
				B10001063 /* SettingsView.swift in Sources */,
				B10001064 /* RepositorySettingsView.swift in Sources */,
				B10001065 /* LLMSettingsView.swift in Sources */,
				B10001066 /* ScheduleSettingsView.swift in Sources */,
				B10001067 /* GeneralSettingsView.swift in Sources */,
			);
			runOnlyForDeploymentPostprocessing = 0;
		};
/* End PBXSourcesBuildPhase section */

/* Begin XCBuildConfiguration section */
		B10010001 /* Debug */ = {
			isa = XCBuildConfiguration;
			buildSettings = {
				ALWAYS_SEARCH_USER_PATHS = NO;
				ASSETCATALOG_COMPILER_GENERATE_SWIFT_ASSET_SYMBOL_EXTENSIONS = YES;
				CLANG_ANALYZER_NONNULL = YES;
				CLANG_ANALYZER_NUMBER_OBJECT_CONVERSION = YES_AGGRESSIVE;
				CLANG_CXX_LANGUAGE_STANDARD = "gnu++20";
				CLANG_ENABLE_MODULES = YES;
				CLANG_ENABLE_OBJC_ARC = YES;
				CLANG_ENABLE_OBJC_WEAK = YES;
				CLANG_WARN_BLOCK_CAPTURE_AUTORELEASING = YES;
				CLANG_WARN_BOOL_CONVERSION = YES;
				CLANG_WARN_COMMA = YES;
				CLANG_WARN_CONSTANT_CONVERSION = YES;
				CLANG_WARN_DEPRECATED_OBJC_IMPLEMENTATIONS = YES;
				CLANG_WARN_DIRECT_OBJC_ISA_USAGE = YES_ERROR;
				CLANG_WARN_DOCUMENTATION_COMMENTS = YES;
				CLANG_WARN_EMPTY_BODY = YES;
				CLANG_WARN_ENUM_CONVERSION = YES;
				CLANG_WARN_INFINITE_RECURSION = YES;
				CLANG_WARN_INT_CONVERSION = YES;
				CLANG_WARN_NON_LITERAL_NULL_CONVERSION = YES;
				CLANG_WARN_OBJC_IMPLICIT_RETAIN_SELF = YES;
				CLANG_WARN_OBJC_LITERAL_CONVERSION = YES;
				CLANG_WARN_OBJC_ROOT_CLASS = YES_ERROR;
				CLANG_WARN_QUOTED_INCLUDE_IN_FRAMEWORK_HEADER = YES;
				CLANG_WARN_RANGE_LOOP_ANALYSIS = YES;
				CLANG_WARN_STRICT_PROTOTYPES = YES;
				CLANG_WARN_SUSPICIOUS_MOVE = YES;
				CLANG_WARN_UNGUARDED_AVAILABILITY = YES_AGGRESSIVE;
				CLANG_WARN_UNREACHABLE_CODE = YES;
				CLANG_WARN__DUPLICATE_METHOD_MATCH = YES;
				COPY_PHASE_STRIP = NO;
				DEBUG_INFORMATION_FORMAT = dwarf;
				ENABLE_STRICT_OBJC_MSGSEND = YES;
				ENABLE_TESTABILITY = YES;
				ENABLE_USER_SCRIPT_SANDBOXING = YES;
				GCC_C_LANGUAGE_STANDARD = gnu17;
				GCC_DYNAMIC_NO_PIC = NO;
				GCC_NO_COMMON_BLOCKS = YES;
				GCC_OPTIMIZATION_LEVEL = 0;
				GCC_PREPROCESSOR_DEFINITIONS = (
					"DEBUG=1",
					"$(inherited)",
				);
				GCC_WARN_64_TO_32_BIT_CONVERSION = YES;
				GCC_WARN_ABOUT_RETURN_TYPE = YES_ERROR;
				GCC_WARN_UNDECLARED_SELECTOR = YES;
				GCC_WARN_UNINITIALIZED_AUTOS = YES_AGGRESSIVE;
				GCC_WARN_UNUSED_FUNCTION = YES;
				GCC_WARN_UNUSED_VARIABLE = YES;
				MACOSX_DEPLOYMENT_TARGET = 14.0;
				MTL_ENABLE_DEBUG_INFO = INCLUDE_SOURCE;
				MTL_FAST_MATH = YES;
				ONLY_ACTIVE_ARCH = YES;
				SDKROOT = macosx;
				SWIFT_ACTIVE_COMPILATION_CONDITIONS = "DEBUG $(inherited)";
				SWIFT_OPTIMIZATION_LEVEL = "-Onone";
			};
			name = Debug;
		};
		B10010002 /* Release */ = {
			isa = XCBuildConfiguration;
			buildSettings = {
				ALWAYS_SEARCH_USER_PATHS = NO;
				ASSETCATALOG_COMPILER_GENERATE_SWIFT_ASSET_SYMBOL_EXTENSIONS = YES;
				CLANG_ANALYZER_NONNULL = YES;
				CLANG_ANALYZER_NUMBER_OBJECT_CONVERSION = YES_AGGRESSIVE;
				CLANG_CXX_LANGUAGE_STANDARD = "gnu++20";
				CLANG_ENABLE_MODULES = YES;
				CLANG_ENABLE_OBJC_ARC = YES;
				CLANG_ENABLE_OBJC_WEAK = YES;
				CLANG_WARN_BLOCK_CAPTURE_AUTORELEASING = YES;
				CLANG_WARN_BOOL_CONVERSION = YES;
				CLANG_WARN_COMMA = YES;
				CLANG_WARN_CONSTANT_CONVERSION = YES;
				CLANG_WARN_DEPRECATED_OBJC_IMPLEMENTATIONS = YES;
				CLANG_WARN_DIRECT_OBJC_ISA_USAGE = YES_ERROR;
				CLANG_WARN_DOCUMENTATION_COMMENTS = YES;
				CLANG_WARN_EMPTY_BODY = YES;
				CLANG_WARN_ENUM_CONVERSION = YES;
				CLANG_WARN_INFINITE_RECURSION = YES;
				CLANG_WARN_INT_CONVERSION = YES;
				CLANG_WARN_NON_LITERAL_NULL_CONVERSION = YES;
				CLANG_WARN_OBJC_IMPLICIT_RETAIN_SELF = YES;
				CLANG_WARN_OBJC_LITERAL_CONVERSION = YES;
				CLANG_WARN_OBJC_ROOT_CLASS = YES_ERROR;
				CLANG_WARN_QUOTED_INCLUDE_IN_FRAMEWORK_HEADER = YES;
				CLANG_WARN_RANGE_LOOP_ANALYSIS = YES;
				CLANG_WARN_STRICT_PROTOTYPES = YES;
				CLANG_WARN_SUSPICIOUS_MOVE = YES;
				CLANG_WARN_UNGUARDED_AVAILABILITY = YES_AGGRESSIVE;
				CLANG_WARN_UNREACHABLE_CODE = YES;
				CLANG_WARN__DUPLICATE_METHOD_MATCH = YES;
				COPY_PHASE_STRIP = NO;
				DEBUG_INFORMATION_FORMAT = "dwarf-with-dsym";
				ENABLE_NS_ASSERTIONS = NO;
				ENABLE_STRICT_OBJC_MSGSEND = YES;
				ENABLE_USER_SCRIPT_SANDBOXING = YES;
				GCC_C_LANGUAGE_STANDARD = gnu17;
				GCC_NO_COMMON_BLOCKS = YES;
				GCC_WARN_64_TO_32_BIT_CONVERSION = YES;
				GCC_WARN_ABOUT_RETURN_TYPE = YES_ERROR;
				GCC_WARN_UNDECLARED_SELECTOR = YES;
				GCC_WARN_UNINITIALIZED_AUTOS = YES_AGGRESSIVE;
				GCC_WARN_UNUSED_FUNCTION = YES;
				GCC_WARN_UNUSED_VARIABLE = YES;
				MACOSX_DEPLOYMENT_TARGET = 14.0;
				MTL_ENABLE_DEBUG_INFO = NO;
				MTL_FAST_MATH = YES;
				SDKROOT = macosx;
				SWIFT_COMPILATION_MODE = wholemodule;
			};
			name = Release;
		};
		B10010003 /* Debug */ = {
			isa = XCBuildConfiguration;
			buildSettings = {
				ASSETCATALOG_COMPILER_APPICON_NAME = AppIcon;
				ASSETCATALOG_COMPILER_GLOBAL_ACCENT_COLOR_NAME = AccentColor;
				CODE_SIGN_ENTITLEMENTS = Resources/GitCanary.entitlements;
				CODE_SIGN_STYLE = Automatic;
				COMBINE_HIDPI_IMAGES = YES;
				CURRENT_PROJECT_VERSION = 1;
				DEVELOPMENT_TEAM = 77PA95K95V;
				ENABLE_HARDENED_RUNTIME = YES;
				GENERATE_INFOPLIST_FILE = YES;
				INFOPLIST_KEY_CFBundleDisplayName = GitCanary;
				INFOPLIST_KEY_LSApplicationCategoryType = "public.app-category.developer-tools";
				INFOPLIST_KEY_LSUIElement = YES;
				INFOPLIST_KEY_NSHumanReadableCopyright = "";
				MARKETING_VERSION = 1.0;
				PRODUCT_BUNDLE_IDENTIFIER = com.jordiboehme.GitCanary;
				PRODUCT_NAME = "$(TARGET_NAME)";
				SWIFT_EMIT_LOC_STRINGS = YES;
				SWIFT_VERSION = 5.0;
			};
			name = Debug;
		};
		B10010004 /* Release */ = {
			isa = XCBuildConfiguration;
			buildSettings = {
				ASSETCATALOG_COMPILER_APPICON_NAME = AppIcon;
				ASSETCATALOG_COMPILER_GLOBAL_ACCENT_COLOR_NAME = AccentColor;
				CODE_SIGN_ENTITLEMENTS = Resources/GitCanary.entitlements;
				CODE_SIGN_STYLE = Automatic;
				COMBINE_HIDPI_IMAGES = YES;
				CURRENT_PROJECT_VERSION = 1;
				DEVELOPMENT_TEAM = 77PA95K95V;
				ENABLE_HARDENED_RUNTIME = YES;
				GENERATE_INFOPLIST_FILE = YES;
				INFOPLIST_KEY_CFBundleDisplayName = GitCanary;
				INFOPLIST_KEY_LSApplicationCategoryType = "public.app-category.developer-tools";
				INFOPLIST_KEY_LSUIElement = YES;
				INFOPLIST_KEY_NSHumanReadableCopyright = "";
				MARKETING_VERSION = 1.0;
				PRODUCT_BUNDLE_IDENTIFIER = com.jordiboehme.GitCanary;
				PRODUCT_NAME = "$(TARGET_NAME)";
				SWIFT_EMIT_LOC_STRINGS = YES;
				SWIFT_VERSION = 5.0;
			};
			name = Release;
		};
/* End XCBuildConfiguration section */

/* Begin XCConfigurationList section */
		B10008001 /* Build configuration list for PBXNativeTarget "GitCanary" */ = {
			isa = XCConfigurationList;
			buildConfigurations = (
				B10010003 /* Debug */,
				B10010004 /* Release */,
			);
			defaultConfigurationIsVisible = 0;
			defaultConfigurationName = Release;
		};
		B10008003 /* Build configuration list for PBXProject "GitCanary" */ = {
			isa = XCConfigurationList;
			buildConfigurations = (
				B10010001 /* Debug */,
				B10010002 /* Release */,
			);
			defaultConfigurationIsVisible = 0;
			defaultConfigurationName = Release;
		};
/* End XCConfigurationList section */
	};
	rootObject = B10009001 /* Project object */;
}
